# This file is generated by running "yarn install" inside your project.
# Manual changes might be lost - proceed with caution!

__metadata:
  version: 8
  cacheKey: 10

"@biomejs/biome@npm:2.2.5":
  version: 2.2.5
  resolution: "@biomejs/biome@npm:2.2.5"
  dependencies:
    "@biomejs/cli-darwin-arm64": "npm:2.2.5"
    "@biomejs/cli-darwin-x64": "npm:2.2.5"
    "@biomejs/cli-linux-arm64": "npm:2.2.5"
    "@biomejs/cli-linux-arm64-musl": "npm:2.2.5"
    "@biomejs/cli-linux-x64": "npm:2.2.5"
    "@biomejs/cli-linux-x64-musl": "npm:2.2.5"
    "@biomejs/cli-win32-arm64": "npm:2.2.5"
    "@biomejs/cli-win32-x64": "npm:2.2.5"
  dependenciesMeta:
    "@biomejs/cli-darwin-arm64":
      optional: true
    "@biomejs/cli-darwin-x64":
      optional: true
    "@biomejs/cli-linux-arm64":
      optional: true
    "@biomejs/cli-linux-arm64-musl":
      optional: true
    "@biomejs/cli-linux-x64":
      optional: true
    "@biomejs/cli-linux-x64-musl":
      optional: true
    "@biomejs/cli-win32-arm64":
      optional: true
    "@biomejs/cli-win32-x64":
      optional: true
  bin:
    biome: bin/biome
  checksum: 10/93047a13827e9d1a09a9e5521f24ba8f4e9d6976af58ccb07d92f2c45f6d5eb56d040f46305a77defb63e9484484077d0204453289f3e512cb9450750c04aa51
  languageName: node
  linkType: hard

"@biomejs/cli-darwin-arm64@npm:2.2.5":
  version: 2.2.5
  resolution: "@biomejs/cli-darwin-arm64@npm:2.2.5"
  conditions: os=darwin & cpu=arm64
  languageName: node
  linkType: hard

"@biomejs/cli-darwin-x64@npm:2.2.5":
  version: 2.2.5
  resolution: "@biomejs/cli-darwin-x64@npm:2.2.5"
  conditions: os=darwin & cpu=x64
  languageName: node
  linkType: hard

"@biomejs/cli-linux-arm64-musl@npm:2.2.5":
  version: 2.2.5
  resolution: "@biomejs/cli-linux-arm64-musl@npm:2.2.5"
  conditions: os=linux & cpu=arm64 & libc=musl
  languageName: node
  linkType: hard

"@biomejs/cli-linux-arm64@npm:2.2.5":
  version: 2.2.5
  resolution: "@biomejs/cli-linux-arm64@npm:2.2.5"
  conditions: os=linux & cpu=arm64 & libc=glibc
  languageName: node
  linkType: hard

"@biomejs/cli-linux-x64-musl@npm:2.2.5":
  version: 2.2.5
  resolution: "@biomejs/cli-linux-x64-musl@npm:2.2.5"
  conditions: os=linux & cpu=x64 & libc=musl
  languageName: node
  linkType: hard

"@biomejs/cli-linux-x64@npm:2.2.5":
  version: 2.2.5
  resolution: "@biomejs/cli-linux-x64@npm:2.2.5"
  conditions: os=linux & cpu=x64 & libc=glibc
  languageName: node
  linkType: hard

"@biomejs/cli-win32-arm64@npm:2.2.5":
  version: 2.2.5
  resolution: "@biomejs/cli-win32-arm64@npm:2.2.5"
  conditions: os=win32 & cpu=arm64
  languageName: node
  linkType: hard

"@biomejs/cli-win32-x64@npm:2.2.5":
  version: 2.2.5
  resolution: "@biomejs/cli-win32-x64@npm:2.2.5"
  conditions: os=win32 & cpu=x64
  languageName: node
  linkType: hard

"@esbuild/aix-ppc64@npm:0.25.10":
  version: 0.25.10
  resolution: "@esbuild/aix-ppc64@npm:0.25.10"
  conditions: os=aix & cpu=ppc64
  languageName: node
  linkType: hard

"@esbuild/android-arm64@npm:0.25.10":
  version: 0.25.10
  resolution: "@esbuild/android-arm64@npm:0.25.10"
  conditions: os=android & cpu=arm64
  languageName: node
  linkType: hard

"@esbuild/android-arm@npm:0.25.10":
  version: 0.25.10
  resolution: "@esbuild/android-arm@npm:0.25.10"
  conditions: os=android & cpu=arm
  languageName: node
  linkType: hard

"@esbuild/android-x64@npm:0.25.10":
  version: 0.25.10
  resolution: "@esbuild/android-x64@npm:0.25.10"
  conditions: os=android & cpu=x64
  languageName: node
  linkType: hard

"@esbuild/darwin-arm64@npm:0.25.10":
  version: 0.25.10
  resolution: "@esbuild/darwin-arm64@npm:0.25.10"
  conditions: os=darwin & cpu=arm64
  languageName: node
  linkType: hard

"@esbuild/darwin-x64@npm:0.25.10":
  version: 0.25.10
  resolution: "@esbuild/darwin-x64@npm:0.25.10"
  conditions: os=darwin & cpu=x64
  languageName: node
  linkType: hard

"@esbuild/freebsd-arm64@npm:0.25.10":
  version: 0.25.10
  resolution: "@esbuild/freebsd-arm64@npm:0.25.10"
  conditions: os=freebsd & cpu=arm64
  languageName: node
  linkType: hard

"@esbuild/freebsd-x64@npm:0.25.10":
  version: 0.25.10
  resolution: "@esbuild/freebsd-x64@npm:0.25.10"
  conditions: os=freebsd & cpu=x64
  languageName: node
  linkType: hard

"@esbuild/linux-arm64@npm:0.25.10":
  version: 0.25.10
  resolution: "@esbuild/linux-arm64@npm:0.25.10"
  conditions: os=linux & cpu=arm64
  languageName: node
  linkType: hard

"@esbuild/linux-arm@npm:0.25.10":
  version: 0.25.10
  resolution: "@esbuild/linux-arm@npm:0.25.10"
  conditions: os=linux & cpu=arm
  languageName: node
  linkType: hard

"@esbuild/linux-ia32@npm:0.25.10":
  version: 0.25.10
  resolution: "@esbuild/linux-ia32@npm:0.25.10"
  conditions: os=linux & cpu=ia32
  languageName: node
  linkType: hard

"@esbuild/linux-loong64@npm:0.25.10":
  version: 0.25.10
  resolution: "@esbuild/linux-loong64@npm:0.25.10"
  conditions: os=linux & cpu=loong64
  languageName: node
  linkType: hard

"@esbuild/linux-mips64el@npm:0.25.10":
  version: 0.25.10
  resolution: "@esbuild/linux-mips64el@npm:0.25.10"
  conditions: os=linux & cpu=mips64el
  languageName: node
  linkType: hard

"@esbuild/linux-ppc64@npm:0.25.10":
  version: 0.25.10
  resolution: "@esbuild/linux-ppc64@npm:0.25.10"
  conditions: os=linux & cpu=ppc64
  languageName: node
  linkType: hard

"@esbuild/linux-riscv64@npm:0.25.10":
  version: 0.25.10
  resolution: "@esbuild/linux-riscv64@npm:0.25.10"
  conditions: os=linux & cpu=riscv64
  languageName: node
  linkType: hard

"@esbuild/linux-s390x@npm:0.25.10":
  version: 0.25.10
  resolution: "@esbuild/linux-s390x@npm:0.25.10"
  conditions: os=linux & cpu=s390x
  languageName: node
  linkType: hard

"@esbuild/linux-x64@npm:0.25.10":
  version: 0.25.10
  resolution: "@esbuild/linux-x64@npm:0.25.10"
  conditions: os=linux & cpu=x64
  languageName: node
  linkType: hard

"@esbuild/netbsd-arm64@npm:0.25.10":
  version: 0.25.10
  resolution: "@esbuild/netbsd-arm64@npm:0.25.10"
  conditions: os=netbsd & cpu=arm64
  languageName: node
  linkType: hard

"@esbuild/netbsd-x64@npm:0.25.10":
  version: 0.25.10
  resolution: "@esbuild/netbsd-x64@npm:0.25.10"
  conditions: os=netbsd & cpu=x64
  languageName: node
  linkType: hard

"@esbuild/openbsd-arm64@npm:0.25.10":
  version: 0.25.10
  resolution: "@esbuild/openbsd-arm64@npm:0.25.10"
  conditions: os=openbsd & cpu=arm64
  languageName: node
  linkType: hard

"@esbuild/openbsd-x64@npm:0.25.10":
  version: 0.25.10
  resolution: "@esbuild/openbsd-x64@npm:0.25.10"
  conditions: os=openbsd & cpu=x64
  languageName: node
  linkType: hard

"@esbuild/openharmony-arm64@npm:0.25.10":
  version: 0.25.10
  resolution: "@esbuild/openharmony-arm64@npm:0.25.10"
  conditions: os=openharmony & cpu=arm64
  languageName: node
  linkType: hard

"@esbuild/sunos-x64@npm:0.25.10":
  version: 0.25.10
  resolution: "@esbuild/sunos-x64@npm:0.25.10"
  conditions: os=sunos & cpu=x64
  languageName: node
  linkType: hard

"@esbuild/win32-arm64@npm:0.25.10":
  version: 0.25.10
  resolution: "@esbuild/win32-arm64@npm:0.25.10"
  conditions: os=win32 & cpu=arm64
  languageName: node
  linkType: hard

"@esbuild/win32-ia32@npm:0.25.10":
  version: 0.25.10
  resolution: "@esbuild/win32-ia32@npm:0.25.10"
  conditions: os=win32 & cpu=ia32
  languageName: node
  linkType: hard

"@esbuild/win32-x64@npm:0.25.10":
  version: 0.25.10
  resolution: "@esbuild/win32-x64@npm:0.25.10"
  conditions: os=win32 & cpu=x64
  languageName: node
  linkType: hard

"@types/cheerio@npm:^0.22.35":
  version: 0.22.35
  resolution: "@types/cheerio@npm:0.22.35"
  dependencies:
    "@types/node": "npm:*"
  checksum: 10/7d834512df4682733ce2ff1010682251d2d597d4c2f035b5ae43125a18b8a14c37d805d7c7ebcf57be360259c989465c5fd7b9dc21159b6719760d3d7fbd927f
  languageName: node
  linkType: hard

"@types/codemirror@npm:0.0.108":
  version: 0.0.108
  resolution: "@types/codemirror@npm:0.0.108"
  dependencies:
    "@types/tern": "npm:*"
  checksum: 10/5ddca7f43d03fc5deaf38790a20dd51cfe8343dc5c2221a62ae0ea890d7fdb673c3cbb56a1622678ce254f7c05ee18380117c74255b6b26f722d50af8de134a2
  languageName: node
  linkType: hard

"@types/estree@npm:*":
  version: 1.0.1
  resolution: "@types/estree@npm:1.0.1"
  checksum: 10/f252569c002506c61ad913e778aa69415908078c46c78c901ccad77bc66cd34f1e1b9babefb8ff0d27c07a15fb0824755edd7bb3fa7ea828f32ae0fe5faa9962
  languageName: node
  linkType: hard

"@types/node@npm:*":
  version: 16.18.27
  resolution: "@types/node@npm:16.18.27"
  checksum: 10/90c30db40c49ba4d8fbbba97a1a94c8779725e9cbc38e289e04c48e2f308df754b6b9b7cbc87b6cee18bdf5a50276141be3601497c4b59a407cb054aaa8edfda
  languageName: node
  linkType: hard

"@types/node@npm:22.18.8":
  version: 22.18.8
  resolution: "@types/node@npm:22.18.8"
  dependencies:
    undici-types: "npm:~6.21.0"
  checksum: 10/dc8e883680993bebf45ac641af6648fd88a8d6ec0e375ff737221eef6c93b6a4d20311dfc070bb595095adbf9a2a411a9b3d9230a763eb744bb1d8ca831c331c
  languageName: node
  linkType: hard

"@types/tern@npm:*":
  version: 0.23.4
  resolution: "@types/tern@npm:0.23.4"
  dependencies:
    "@types/estree": "npm:*"
  checksum: 10/21bfd29588a8a4c8ad71dcb12576cd3724d4ac763c265116f7b6f5af1a5edd70b168e80e9105015584061cebee62ca20f1f93431f781baa4c62e2169e6370e2f
  languageName: node
  linkType: hard

"boolbase@npm:^1.0.0":
  version: 1.0.0
  resolution: "boolbase@npm:1.0.0"
  checksum: 10/3e25c80ef626c3a3487c73dbfc70ac322ec830666c9ad915d11b701142fab25ec1e63eff2c450c74347acfd2de854ccde865cd79ef4db1683f7c7b046ea43bb0
  languageName: node
  linkType: hard

"builtin-modules@npm:5.0.0":
  version: 5.0.0
  resolution: "builtin-modules@npm:5.0.0"
  checksum: 10/85ba92a4cbd794174dae48c867d27f5529a03c9c073ccb029f106e62861eb48e09231f17a7290645e16a0a22d7401ca269ff73b760a6ddb9a3b7d1b9ceba81ac
  languageName: node
  linkType: hard

"cheerio-select@npm:^2.1.0":
  version: 2.1.0
  resolution: "cheerio-select@npm:2.1.0"
  dependencies:
    boolbase: "npm:^1.0.0"
    css-select: "npm:^5.1.0"
    css-what: "npm:^6.1.0"
    domelementtype: "npm:^2.3.0"
    domhandler: "npm:^5.0.3"
    domutils: "npm:^3.0.1"
  checksum: 10/b5d89208c23468c3a32d1e04f88b9e8c6e332e3649650c5cd29255e2cebc215071ae18563f58c3dc3f6ef4c234488fc486035490fceb78755572288245e2931a
  languageName: node
  linkType: hard

"cheerio@npm:^1.1.2":
  version: 1.1.2
  resolution: "cheerio@npm:1.1.2"
  dependencies:
    cheerio-select: "npm:^2.1.0"
    dom-serializer: "npm:^2.0.0"
    domhandler: "npm:^5.0.3"
    domutils: "npm:^3.2.2"
    encoding-sniffer: "npm:^0.2.1"
    htmlparser2: "npm:^10.0.0"
    parse5: "npm:^7.3.0"
    parse5-htmlparser2-tree-adapter: "npm:^7.1.0"
    parse5-parser-stream: "npm:^7.1.2"
    undici: "npm:^7.12.0"
    whatwg-mimetype: "npm:^4.0.0"
  checksum: 10/6b654bf5a358d3406eed5a3ae84530bab0d6d2d581d0a92d3c0666c310648d4300a00b11335e15007a35922ad3743931385ef17bec8d67b4fa077f10d1aaf2b5
  languageName: node
  linkType: hard

"css-select@npm:^5.1.0":
  version: 5.1.0
  resolution: "css-select@npm:5.1.0"
  dependencies:
    boolbase: "npm:^1.0.0"
    css-what: "npm:^6.1.0"
    domhandler: "npm:^5.0.2"
    domutils: "npm:^3.0.1"
    nth-check: "npm:^2.0.1"
  checksum: 10/d486b1e7eb140468218a5ab5af53257e01f937d2173ac46981f6b7de9c5283d55427a36715dc8decfc0c079cf89259ac5b41ef58f6e1a422eee44ab8bfdc78da
  languageName: node
  linkType: hard

"css-what@npm:^6.1.0":
  version: 6.1.0
  resolution: "css-what@npm:6.1.0"
  checksum: 10/c67a3a2d0d81843af87f8bf0a4d0845b0f952377714abbb2884e48942409d57a2110eabee003609d02ee487b054614bdfcfc59ee265728ff105bd5aa221c1d0e
  languageName: node
  linkType: hard

"date-fns@npm:^4.1.0":
  version: 4.1.0
  resolution: "date-fns@npm:4.1.0"
  checksum: 10/d5f6e9de5bbc52310f786099e18609289ed5e30af60a71e0646784c8185ddd1d0eebcf7c96b7faaaefc4a8366f3a3a4244d099b6d0866ee2bec80d1361e64342
  languageName: node
  linkType: hard

"dom-serializer@npm:^2.0.0":
  version: 2.0.0
  resolution: "dom-serializer@npm:2.0.0"
  dependencies:
    domelementtype: "npm:^2.3.0"
    domhandler: "npm:^5.0.2"
    entities: "npm:^4.2.0"
  checksum: 10/e3bf9027a64450bca0a72297ecdc1e3abb7a2912268a9f3f5d33a2e29c1e2c3502c6e9f860fc6625940bfe0cfb57a44953262b9e94df76872fdfb8151097eeb3
  languageName: node
  linkType: hard

"domelementtype@npm:^2.3.0":
  version: 2.3.0
  resolution: "domelementtype@npm:2.3.0"
  checksum: 10/ee837a318ff702622f383409d1f5b25dd1024b692ef64d3096ff702e26339f8e345820f29a68bcdcea8cfee3531776b3382651232fbeae95612d6f0a75efb4f6
  languageName: node
  linkType: hard

"domhandler@npm:^5.0.2, domhandler@npm:^5.0.3":
  version: 5.0.3
  resolution: "domhandler@npm:5.0.3"
  dependencies:
    domelementtype: "npm:^2.3.0"
  checksum: 10/809b805a50a9c6884a29f38aec0a4e1b4537f40e1c861950ed47d10b049febe6b79ab72adaeeebb3cc8fc1cd33f34e97048a72a9265103426d93efafa78d3e96
  languageName: node
  linkType: hard

"domutils@npm:^3.0.1":
  version: 3.1.0
  resolution: "domutils@npm:3.1.0"
  dependencies:
    dom-serializer: "npm:^2.0.0"
    domelementtype: "npm:^2.3.0"
    domhandler: "npm:^5.0.3"
  checksum: 10/9a169a6e57ac4c738269a73ab4caf785114ed70e46254139c1bbc8144ac3102aacb28a6149508395ae34aa5d6a40081f4fa5313855dc8319c6d8359866b6dfea
  languageName: node
  linkType: hard

"domutils@npm:^3.2.1, domutils@npm:^3.2.2":
  version: 3.2.2
  resolution: "domutils@npm:3.2.2"
  dependencies:
    dom-serializer: "npm:^2.0.0"
    domelementtype: "npm:^2.3.0"
    domhandler: "npm:^5.0.3"
  checksum: 10/2e08842151aa406f50fe5e6d494f4ec73c2373199fa00d1f77b56ec604e566b7f226312ae35ab8160bb7f27a27c7285d574c8044779053e499282ca9198be210
  languageName: node
  linkType: hard

"encoding-sniffer@npm:^0.2.1":
  version: 0.2.1
  resolution: "encoding-sniffer@npm:0.2.1"
  dependencies:
    iconv-lite: "npm:^0.6.3"
    whatwg-encoding: "npm:^3.1.1"
  checksum: 10/7d747238239408d52e8bceee22fcdc47546049866d19d601e7dc89e55d226922c51912ef046d7b38951970e8fd17e1e761cef3de98a4b2f46fc91c8a1ac143c9
  languageName: node
  linkType: hard

"entities@npm:^4.2.0, entities@npm:^4.4.0":
  version: 4.5.0
  resolution: "entities@npm:4.5.0"
  checksum: 10/ede2a35c9bce1aeccd055a1b445d41c75a14a2bb1cd22e242f20cf04d236cdcd7f9c859eb83f76885327bfae0c25bf03303665ee1ce3d47c5927b98b0e3e3d48
  languageName: node
  linkType: hard

"entities@npm:^6.0.0":
  version: 6.0.1
  resolution: "entities@npm:6.0.1"
  checksum: 10/62af1307202884349d2867f0aac5c60d8b57102ea0b0e768b16246099512c28e239254ad772d6834e7e14cb1b6f153fc3d0c031934e3183b086c86d3838d874a
  languageName: node
  linkType: hard

"esbuild@npm:0.25.10":
  version: 0.25.10
  resolution: "esbuild@npm:0.25.10"
  dependencies:
    "@esbuild/aix-ppc64": "npm:0.25.10"
    "@esbuild/android-arm": "npm:0.25.10"
    "@esbuild/android-arm64": "npm:0.25.10"
    "@esbuild/android-x64": "npm:0.25.10"
    "@esbuild/darwin-arm64": "npm:0.25.10"
    "@esbuild/darwin-x64": "npm:0.25.10"
    "@esbuild/freebsd-arm64": "npm:0.25.10"
    "@esbuild/freebsd-x64": "npm:0.25.10"
    "@esbuild/linux-arm": "npm:0.25.10"
    "@esbuild/linux-arm64": "npm:0.25.10"
    "@esbuild/linux-ia32": "npm:0.25.10"
    "@esbuild/linux-loong64": "npm:0.25.10"
    "@esbuild/linux-mips64el": "npm:0.25.10"
    "@esbuild/linux-ppc64": "npm:0.25.10"
    "@esbuild/linux-riscv64": "npm:0.25.10"
    "@esbuild/linux-s390x": "npm:0.25.10"
    "@esbuild/linux-x64": "npm:0.25.10"
    "@esbuild/netbsd-arm64": "npm:0.25.10"
    "@esbuild/netbsd-x64": "npm:0.25.10"
    "@esbuild/openbsd-arm64": "npm:0.25.10"
    "@esbuild/openbsd-x64": "npm:0.25.10"
    "@esbuild/openharmony-arm64": "npm:0.25.10"
    "@esbuild/sunos-x64": "npm:0.25.10"
    "@esbuild/win32-arm64": "npm:0.25.10"
    "@esbuild/win32-ia32": "npm:0.25.10"
    "@esbuild/win32-x64": "npm:0.25.10"
  dependenciesMeta:
    "@esbuild/aix-ppc64":
      optional: true
    "@esbuild/android-arm":
      optional: true
    "@esbuild/android-arm64":
      optional: true
    "@esbuild/android-x64":
      optional: true
    "@esbuild/darwin-arm64":
      optional: true
    "@esbuild/darwin-x64":
      optional: true
    "@esbuild/freebsd-arm64":
      optional: true
    "@esbuild/freebsd-x64":
      optional: true
    "@esbuild/linux-arm":
      optional: true
    "@esbuild/linux-arm64":
      optional: true
    "@esbuild/linux-ia32":
      optional: true
    "@esbuild/linux-loong64":
      optional: true
    "@esbuild/linux-mips64el":
      optional: true
    "@esbuild/linux-ppc64":
      optional: true
    "@esbuild/linux-riscv64":
      optional: true
    "@esbuild/linux-s390x":
      optional: true
    "@esbuild/linux-x64":
      optional: true
    "@esbuild/netbsd-arm64":
      optional: true
    "@esbuild/netbsd-x64":
      optional: true
    "@esbuild/openbsd-arm64":
      optional: true
    "@esbuild/openbsd-x64":
      optional: true
    "@esbuild/openharmony-arm64":
      optional: true
    "@esbuild/sunos-x64":
      optional: true
    "@esbuild/win32-arm64":
      optional: true
    "@esbuild/win32-ia32":
      optional: true
    "@esbuild/win32-x64":
      optional: true
  bin:
    esbuild: bin/esbuild
  checksum: 10/a8e4d33d7e785b7c8e1255d2ef532a53d1406659dbf2d0d3cdeb95c4760f51f86683e42974643b4f1dbe58381b6c7ce1217d4c8325f84353fbfc40be7b326358
  languageName: node
  linkType: hard

"htmlparser2@npm:^10.0.0":
  version: 10.0.0
  resolution: "htmlparser2@npm:10.0.0"
  dependencies:
    domelementtype: "npm:^2.3.0"
    domhandler: "npm:^5.0.3"
    domutils: "npm:^3.2.1"
    entities: "npm:^6.0.0"
  checksum: 10/768870f0e020dca19dc45df206cb6ac466c5dba6566c8fca4ca880347eed409f9977028d08644ac516bca8628ac9c7ded5a3847dc3ee1c043f049abf9e817154
  languageName: node
  linkType: hard

"iconv-lite@npm:0.6.3, iconv-lite@npm:^0.6.3":
  version: 0.6.3
  resolution: "iconv-lite@npm:0.6.3"
  dependencies:
    safer-buffer: "npm:>= 2.1.2 < 3.0.0"
  checksum: 10/24e3292dd3dadaa81d065c6f8c41b274a47098150d444b96e5f53b4638a9a71482921ea6a91a1f59bb71d9796de25e04afd05919fa64c360347ba65d3766f10f
  languageName: node
  linkType: hard

"lds-library-reference@workspace:.":
  version: 0.0.0-use.local
  resolution: "lds-library-reference@workspace:."
  dependencies:
    "@biomejs/biome": "npm:2.2.5"
    "@types/cheerio": "npm:^0.22.35"
    "@types/node": "npm:22.18.8"
    builtin-modules: "npm:5.0.0"
    cheerio: "npm:^1.1.2"
    date-fns: "npm:^4.1.0"
    esbuild: "npm:0.25.10"
    obsidian: "npm:latest"
    tslib: "npm:2.4.0"
    typescript: "npm:5.9.3"
  languageName: unknown
  linkType: soft

"moment@npm:2.29.4":
  version: 2.29.4
  resolution: "moment@npm:2.29.4"
  checksum: 10/157c5af5a0ba8196e577bc67feb583303191d21ba1f7f2af30b3b40d4c63a64d505ba402be2a1454832082fac6be69db1e0d186c3279dae191e6634b0c33705c
  languageName: node
  linkType: hard

"nth-check@npm:^2.0.1":
  version: 2.1.1
  resolution: "nth-check@npm:2.1.1"
  dependencies:
    boolbase: "npm:^1.0.0"
  checksum: 10/5afc3dafcd1573b08877ca8e6148c52abd565f1d06b1eb08caf982e3fa289a82f2cae697ffb55b5021e146d60443f1590a5d6b944844e944714a5b549675bcd3
  languageName: node
  linkType: hard

"obsidian@npm:latest":
  version: 1.2.8
  resolution: "obsidian@npm:1.2.8"
  dependencies:
    "@types/codemirror": "npm:0.0.108"
    moment: "npm:2.29.4"
  peerDependencies:
    "@codemirror/state": ^6.0.0
    "@codemirror/view": ^6.0.0
  checksum: 10/e5fb863d29174d52462188633ff07887bb3ff879572de6aab64b65e16ccc9dcf3cf8397f2d483c2def7d1378432f5e7ec0a03c042fc1228485e28f36d429b5ba
  languageName: node
  linkType: hard

"parse5-htmlparser2-tree-adapter@npm:^7.1.0":
  version: 7.1.0
  resolution: "parse5-htmlparser2-tree-adapter@npm:7.1.0"
  dependencies:
    domhandler: "npm:^5.0.3"
    parse5: "npm:^7.0.0"
  checksum: 10/75910af9137451e9c53e1e0d712f7393f484e89e592b1809ee62ad6cedd61b98daeaa5206ff5d9f06778002c91fac311afedde4880e1916fdb44fa71199dae73
  languageName: node
  linkType: hard

"parse5-parser-stream@npm:^7.1.2":
  version: 7.1.2
  resolution: "parse5-parser-stream@npm:7.1.2"
  dependencies:
    parse5: "npm:^7.0.0"
  checksum: 10/75b232d460bce6bd0e35012750a78ef034f40ccf550b7c6cec3122395af6b4553202ad3663ad468cf537ead5a2e13b6727670395fd0ff548faccad1dc2dc93cf
  languageName: node
  linkType: hard

"parse5@npm:^7.0.0":
  version: 7.1.2
  resolution: "parse5@npm:7.1.2"
  dependencies:
    entities: "npm:^4.4.0"
  checksum: 10/3c86806bb0fb1e9a999ff3a4c883b1ca243d99f45a619a0898dbf021a95a0189ed955c31b07fe49d342b54e814f33f2c9d7489198e8630dacd5477d413ec5782
  languageName: node
  linkType: hard

"parse5@npm:^7.3.0":
  version: 7.3.0
  resolution: "parse5@npm:7.3.0"
  dependencies:
    entities: "npm:^6.0.0"
  checksum: 10/b0e48be20b820c655b138b86fa6fb3a790de6c891aa2aba536524f8027b4dca4fe538f11a0e5cf2f6f847d120dbb9e4822dcaeb933ff1e10850a2ef0154d1d88
  languageName: node
  linkType: hard

"safer-buffer@npm:>= 2.1.2 < 3.0.0":
  version: 2.1.2
  resolution: "safer-buffer@npm:2.1.2"
  checksum: 10/7eaf7a0cf37cc27b42fb3ef6a9b1df6e93a1c6d98c6c6702b02fe262d5fcbd89db63320793b99b21cb5348097d0a53de81bd5f4e8b86e20cc9412e3f1cfb4e83
  languageName: node
  linkType: hard

"tslib@npm:2.4.0":
  version: 2.4.0
  resolution: "tslib@npm:2.4.0"
  checksum: 10/d8379e68b36caf082c1905ec25d17df8261e1d68ddc1abfd6c91158a064f6e4402039ae7c02cf4c81d12e3a2a2c7cd8ea2f57b233eb80136a2e3e7279daf2911
  languageName: node
  linkType: hard

"typescript@npm:5.9.3":
  version: 5.9.3
  resolution: "typescript@npm:5.9.3"
  bin:
    tsc: bin/tsc
    tsserver: bin/tsserver
  checksum: 10/c089d9d3da2729fd4ac517f9b0e0485914c4b3c26f80dc0cffcb5de1719a17951e92425d55db59515c1a7ddab65808466debb864d0d56dcf43f27007d0709594
  languageName: node
  linkType: hard

"typescript@patch:typescript@npm%3A5.9.3#optional!builtin<compat/typescript>":
  version: 5.9.3
  resolution: "typescript@patch:typescript@npm%3A5.9.3#optional!builtin<compat/typescript>::version=5.9.3&hash=5786d5"
  bin:
    tsc: bin/tsc
    tsserver: bin/tsserver
  checksum: 10/696e1b017bc2635f4e0c94eb4435357701008e2f272f553d06e35b494b8ddc60aa221145e286c28ace0c89ee32827a28c2040e3a69bdc108b1a5dc8fb40b72e3
  languageName: node
  linkType: hard

"undici-types@npm:~6.21.0":
  version: 6.21.0
  resolution: "undici-types@npm:6.21.0"
  checksum: 10/ec8f41aa4359d50f9b59fa61fe3efce3477cc681908c8f84354d8567bb3701fafdddf36ef6bff307024d3feb42c837cf6f670314ba37fc8145e219560e473d14
  languageName: node
  linkType: hard

"undici@npm:^7.12.0":
  version: 7.16.0
  resolution: "undici@npm:7.16.0"
  checksum: 10/2bb71672b23d3dc0f56f1b7fb6c936e4487a350db46eaafc03f2f9107f99cdf8e51ecdd32e589e2381ef47a64b6369cfb31f328b2c3ea663023aa47bc5258b9e
  languageName: node
  linkType: hard

"whatwg-encoding@npm:^3.1.1":
  version: 3.1.1
  resolution: "whatwg-encoding@npm:3.1.1"
  dependencies:
    iconv-lite: "npm:0.6.3"
  checksum: 10/bbef815eb67f91487c7f2ef96329743f5fd8357d7d62b1119237d25d41c7e452dff8197235b2d3c031365a17f61d3bb73ca49d0ed1582475aa4a670815e79534
  languageName: node
  linkType: hard

"whatwg-mimetype@npm:^4.0.0":
  version: 4.0.0
  resolution: "whatwg-mimetype@npm:4.0.0"
  checksum: 10/894a618e2d90bf444b6f309f3ceb6e58cf21b2beaa00c8b333696958c4076f0c7b30b9d33413c9ffff7c5832a0a0c8569e5bb347ef44beded72aeefd0acd62e8
  languageName: node
  linkType: hard
